
Microsoft Visual Studio Solution File, Format Version 12.00
# Visual Studio Version 17
VisualStudioVersion = 17.5.33516.290
MinimumVisualStudioVersion = 10.0.40219.1
Project("{FAE04EC0-301F-11D3-BF4B-00C04F79EFBC}") = "File Encrypt", "File Encrypt\File Encrypt.csproj", "{29FA5AAC-A262-409A-B60C-4CF95D52F95B}"
EndProject
Global
	GlobalSection(SolutionConfigurationPlatforms) = preSolution
		Debug|Any CPU = Debug|Any CPU
		Release|Any CPU = Release|Any CPU
	EndGlobalSection
	GlobalSection(ProjectConfigurationPlatforms) = postSolution
		{29FA5AAC-A262-409A-B60C-4CF95D52F95B}.Debug|Any CPU.ActiveCfg = Debug|Any CPU
		{29FA5AAC-A262-409A-B60C-4CF95D52F95B}.Debug|Any CPU.Build.0 = Debug|Any CPU
		{29FA5AAC-A262-409A-B60C-4CF95D52F95B}.Release|Any CPU.ActiveCfg = Release|Any CPU
		{29FA5AAC-A262-409A-B60C-4CF95D52F95B}.Release|Any CPU.Build.0 = Release|Any CPU
	EndGlobalSection
	GlobalSection(SolutionProperties) = preSolution
		HideSolutionNode = FALSE
	EndGlobalSection
	GlobalSection(ExtensibilityGlobals) = postSolution
		SolutionGuid = {3E722B08-0D21-492C-9F6D-6FBE4BDC8483}
	EndGlobalSection
EndGlobal
